// !$*UTF8*$!
{
	archiveVersion = 1;
	classes = {
	};
	objectVersion = 50;
	objects = {

/* Begin PBXBuildFile section */
		66654E5C2083289D00F8BD42 /* AppDelegate.swift in Sources */ = {isa = PBXBuildFile; fileRef = 66654E5B2083289D00F8BD42 /* AppDelegate.swift */; };
		66654E5E2083289D00F8BD42 /* ViewController.swift in Sources */ = {isa = PBXBuildFile; fileRef = 66654E5D2083289D00F8BD42 /* ViewController.swift */; };
		66654E612083289D00F8BD42 /* Main.storyboard in Resources */ = {isa = PBXBuildFile; fileRef = 66654E5F2083289D00F8BD42 /* Main.storyboard */; };
		66654E632083289E00F8BD42 /* Assets.xcassets in Resources */ = {isa = PBXBuildFile; fileRef = 66654E622083289E00F8BD42 /* Assets.xcassets */; };
		66654E662083289E00F8BD42 /* LaunchScreen.storyboard in Resources */ = {isa = PBXBuildFile; fileRef = 66654E642083289E00F8BD42 /* LaunchScreen.storyboard */; };
		66654E712083289F00F8BD42 /* Leaders_CheckWork_RobertTests.swift in Sources */ = {isa = PBXBuildFile; fileRef = 66654E702083289F00F8BD42 /* Leaders_CheckWork_RobertTests.swift */; };
		66654E7C2083289F00F8BD42 /* Leaders_CheckWork_RobertUITests.swift in Sources */ = {isa = PBXBuildFile; fileRef = 66654E7B2083289F00F8BD42 /* Leaders_CheckWork_RobertUITests.swift */; };
/* End PBXBuildFile section */

/* Begin PBXContainerItemProxy section */
		66654E6D2083289F00F8BD42 /* PBXContainerItemProxy */ = {
			isa = PBXContainerItemProxy;
			containerPortal = 66654E502083289D00F8BD42 /* Project object */;
			proxyType = 1;
			remoteGlobalIDString = 66654E572083289D00F8BD42;
			remoteInfo = Leaders_CheckWork_Robert;
		};
		66654E782083289F00F8BD42 /* PBXContainerItemProxy */ = {
			isa = PBXContainerItemProxy;
			containerPortal = 66654E502083289D00F8BD42 /* Project object */;
			proxyType = 1;
			remoteGlobalIDString = 66654E572083289D00F8BD42;
			remoteInfo = Leaders_CheckWork_Robert;
		};
/* End PBXContainerItemProxy section */

/* Begin PBXFileReference section */
		66654E582083289D00F8BD42 /* Leaders_CheckWork_Robert.app */ = {isa = PBXFileReference; explicitFileType = wrapper.application; includeInIndex = 0; path = Leaders_CheckWork_Robert.app; sourceTree = BUILT_PRODUCTS_DIR; };
		66654E5B2083289D00F8BD42 /* AppDelegate.swift */ = {isa = PBXFileReference; lastKnownFileType = sourcecode.swift; path = AppDelegate.swift; sourceTree = "<group>"; };
		66654E5D2083289D00F8BD42 /* ViewController.swift */ = {isa = PBXFileReference; lastKnownFileType = sourcecode.swift; path = ViewController.swift; sourceTree = "<group>"; };
		66654E602083289D00F8BD42 /* Base */ = {isa = PBXFileReference; lastKnownFileType = file.storyboard; name = Base; path = Base.lproj/Main.storyboard; sourceTree = "<group>"; };
		66654E622083289E00F8BD42 /* Assets.xcassets */ = {isa = PBXFileReference; lastKnownFileType = folder.assetcatalog; path = Assets.xcassets; sourceTree = "<group>"; };
		66654E652083289E00F8BD42 /* Base */ = {isa = PBXFileReference; lastKnownFileType = file.storyboard; name = Base; path = Base.lproj/LaunchScreen.storyboard; sourceTree = "<group>"; };
		66654E672083289E00F8BD42 /* Info.plist */ = {isa = PBXFileReference; lastKnownFileType = text.plist.xml; path = Info.plist; sourceTree = "<group>"; };
		66654E6C2083289F00F8BD42 /* Leaders_CheckWork_RobertTests.xctest */ = {isa = PBXFileReference; explicitFileType = wrapper.cfbundle; includeInIndex = 0; path = Leaders_CheckWork_RobertTests.xctest; sourceTree = BUILT_PRODUCTS_DIR; };
		66654E702083289F00F8BD42 /* Leaders_CheckWork_RobertTests.swift */ = {isa = PBXFileReference; lastKnownFileType = sourcecode.swift; path = Leaders_CheckWork_RobertTests.swift; sourceTree = "<group>"; };
		66654E722083289F00F8BD42 /* Info.plist */ = {isa = PBXFileReference; lastKnownFileType = text.plist.xml; path = Info.plist; sourceTree = "<group>"; };
		66654E772083289F00F8BD42 /* Leaders_CheckWork_RobertUITests.xctest */ = {isa = PBXFileReference; explicitFileType = wrapper.cfbundle; includeInIndex = 0; path = Leaders_CheckWork_RobertUITests.xctest; sourceTree = BUILT_PRODUCTS_DIR; };
		66654E7B2083289F00F8BD42 /* Leaders_CheckWork_RobertUITests.swift */ = {isa = PBXFileReference; lastKnownFileType = sourcecode.swift; path = Leaders_CheckWork_RobertUITests.swift; sourceTree = "<group>"; };
		66654E7D2083289F00F8BD42 /* Info.plist */ = {isa = PBXFileReference; lastKnownFileType = text.plist.xml; path = Info.plist; sourceTree = "<group>"; };
/* End PBXFileReference section */

/* Begin PBXFrameworksBuildPhase section */
		66654E552083289D00F8BD42 /* Frameworks */ = {
			isa = PBXFrameworksBuildPhase;
			buildActionMask = 2147483647;
			files = (
			);
			runOnlyForDeploymentPostprocessing = 0;
		};
		66654E692083289F00F8BD42 /* Frameworks */ = {
			isa = PBXFrameworksBuildPhase;
			buildActionMask = 2147483647;
			files = (
			);
			runOnlyForDeploymentPostprocessing = 0;
		};
		66654E742083289F00F8BD42 /* Frameworks */ = {
			isa = PBXFrameworksBuildPhase;
			buildActionMask = 2147483647;
			files = (
			);
			runOnlyForDeploymentPostprocessing = 0;
		};
/* End PBXFrameworksBuildPhase section */

/* Begin PBXGroup section */
		66654E4F2083289D00F8BD42 = {
			isa = PBXGroup;
			children = (
				66654E5A2083289D00F8BD42 /* Leaders_CheckWork_Robert */,
				66654E6F2083289F00F8BD42 /* Leaders_CheckWork_RobertTests */,
				66654E7A2083289F00F8BD42 /* Leaders_CheckWork_RobertUITests */,
				66654E592083289D00F8BD42 /* Products */,
			);
			sourceTree = "<group>";
		};
		66654E592083289D00F8BD42 /* Products */ = {
			isa = PBXGroup;
			children = (
				66654E582083289D00F8BD42 /* Leaders_CheckWork_Robert.app */,
				66654E6C2083289F00F8BD42 /* Leaders_CheckWork_RobertTests.xctest */,
				66654E772083289F00F8BD42 /* Leaders_CheckWork_RobertUITests.xctest */,
			);
			name = Products;
			sourceTree = "<group>";
		};
		66654E5A2083289D00F8BD42 /* Leaders_CheckWork_Robert */ = {
			isa = PBXGroup;
			children = (
				66654E5B2083289D00F8BD42 /* AppDelegate.swift */,
				66654E5D2083289D00F8BD42 /* ViewController.swift */,
				66654E5F2083289D00F8BD42 /* Main.storyboard */,
				66654E622083289E00F8BD42 /* Assets.xcassets */,
				66654E642083289E00F8BD42 /* LaunchScreen.storyboard */,
				66654E672083289E00F8BD42 /* Info.plist */,
			);
			path = Leaders_CheckWork_Robert;
			sourceTree = "<group>";
		};
		66654E6F2083289F00F8BD42 /* Leaders_CheckWork_RobertTests */ = {
			isa = PBXGroup;
			children = (
				66654E702083289F00F8BD42 /* Leaders_CheckWork_RobertTests.swift */,
				66654E722083289F00F8BD42 /* Info.plist */,
			);
			path = Leaders_CheckWork_RobertTests;
			sourceTree = "<group>";
		};
		66654E7A2083289F00F8BD42 /* Leaders_CheckWork_RobertUITests */ = {
			isa = PBXGroup;
			children = (
				66654E7B2083289F00F8BD42 /* Leaders_CheckWork_RobertUITests.swift */,
				66654E7D2083289F00F8BD42 /* Info.plist */,
			);
			path = Leaders_CheckWork_RobertUITests;
			sourceTree = "<group>";
		};
/* End PBXGroup section */

/* Begin PBXNativeTarget section */
		66654E572083289D00F8BD42 /* Leaders_CheckWork_Robert */ = {
			isa = PBXNativeTarget;
			buildConfigurationList = 66654E802083289F00F8BD42 /* Build configuration list for PBXNativeTarget "Leaders_CheckWork_Robert" */;
			buildPhases = (
				66654E542083289D00F8BD42 /* Sources */,
				66654E552083289D00F8BD42 /* Frameworks */,
				66654E562083289D00F8BD42 /* Resources */,
			);
			buildRules = (
			);
			dependencies = (
			);
			name = Leaders_CheckWork_Robert;
			productName = Leaders_CheckWork_Robert;
			productReference = 66654E582083289D00F8BD42 /* Leaders_CheckWork_Robert.app */;
			productType = "com.apple.product-type.application";
		};
		66654E6B2083289F00F8BD42 /* Leaders_CheckWork_RobertTests */ = {
			isa = PBXNativeTarget;
			buildConfigurationList = 66654E832083289F00F8BD42 /* Build configuration list for PBXNativeTarget "Leaders_CheckWork_RobertTests" */;
			buildPhases = (
				66654E682083289F00F8BD42 /* Sources */,
				66654E692083289F00F8BD42 /* Frameworks */,
				66654E6A2083289F00F8BD42 /* Resources */,
			);
			buildRules = (
			);
			dependencies = (
				66654E6E2083289F00F8BD42 /* PBXTargetDependency */,
			);
			name = Leaders_CheckWork_RobertTests;
			productName = Leaders_CheckWork_RobertTests;
			productReference = 66654E6C2083289F00F8BD42 /* Leaders_CheckWork_RobertTests.xctest */;
			productType = "com.apple.product-type.bundle.unit-test";
		};
		66654E762083289F00F8BD42 /* Leaders_CheckWork_RobertUITests */ = {
			isa = PBXNativeTarget;
			buildConfigurationList = 66654E862083289F00F8BD42 /* Build configuration list for PBXNativeTarget "Leaders_CheckWork_RobertUITests" */;
			buildPhases = (
				66654E732083289F00F8BD42 /* Sources */,
				66654E742083289F00F8BD42 /* Frameworks */,
				66654E752083289F00F8BD42 /* Resources */,
			);
			buildRules = (
			);
			dependencies = (
				66654E792083289F00F8BD42 /* PBXTargetDependency */,
			);
			name = Leaders_CheckWork_RobertUITests;
			productName = Leaders_CheckWork_RobertUITests;
			productReference = 66654E772083289F00F8BD42 /* Leaders_CheckWork_RobertUITests.xctest */;
			productType = "com.apple.product-type.bundle.ui-testing";
		};
/* End PBXNativeTarget section */

/* Begin PBXProject section */
		66654E502083289D00F8BD42 /* Project object */ = {
			isa = PBXProject;
			attributes = {
				LastSwiftUpdateCheck = 0930;
				LastUpgradeCheck = 0930;
				ORGANIZATIONNAME = "Life is tech";
				TargetAttributes = {
					66654E572083289D00F8BD42 = {
						CreatedOnToolsVersion = 9.3;
					};
					66654E6B2083289F00F8BD42 = {
						CreatedOnToolsVersion = 9.3;
						TestTargetID = 66654E572083289D00F8BD42;
					};
					66654E762083289F00F8BD42 = {
						CreatedOnToolsVersion = 9.3;
						TestTargetID = 66654E572083289D00F8BD42;
					};
				};
			};
			buildConfigurationList = 66654E532083289D00F8BD42 /* Build configuration list for PBXProject "Leaders_CheckWork_Robert" */;
			compatibilityVersion = "Xcode 9.3";
			developmentRegion = en;
			hasScannedForEncodings = 0;
			knownRegions = (
				en,
				Base,
			);
			mainGroup = 66654E4F2083289D00F8BD42;
			productRefGroup = 66654E592083289D00F8BD42 /* Products */;
			projectDirPath = "";
			projectRoot = "";
			targets = (
				66654E572083289D00F8BD42 /* Leaders_CheckWork_Robert */,
				66654E6B2083289F00F8BD42 /* Leaders_CheckWork_RobertTests */,
				66654E762083289F00F8BD42 /* Leaders_CheckWork_RobertUITests */,
			);
		};
/* End PBXProject section */

/* Begin PBXResourcesBuildPhase section */
		66654E562083289D00F8BD42 /* Resources */ = {
			isa = PBXResourcesBuildPhase;
			buildActionMask = 2147483647;
			files = (
				66654E662083289E00F8BD42 /* LaunchScreen.storyboard in Resources */,
				66654E632083289E00F8BD42 /* Assets.xcassets in Resources */,
				66654E612083289D00F8BD42 /* Main.storyboard in Resources */,
			);
			runOnlyForDeploymentPostprocessing = 0;
		};
		66654E6A2083289F00F8BD42 /* Resources */ = {
			isa = PBXResourcesBuildPhase;
			buildActionMask = 2147483647;
			files = (
			);
			runOnlyForDeploymentPostprocessing = 0;
		};
		66654E752083289F00F8BD42 /* Resources */ = {
			isa = PBXResourcesBuildPhase;
			buildActionMask = 2147483647;
			files = (
			);
			runOnlyForDeploymentPostprocessing = 0;
		};
/* End PBXResourcesBuildPhase section */

/* Begin PBXSourcesBuildPhase section */
		66654E542083289D00F8BD42 /* Sources */ = {
			isa = PBXSourcesBuildPhase;
			buildActionMask = 2147483647;
			files = (
				66654E5E2083289D00F8BD42 /* ViewController.swift in Sources */,
				66654E5C2083289D00F8BD42 /* AppDelegate.swift in Sources */,
			);
			runOnlyForDeploymentPostprocessing = 0;
		};
		66654E682083289F00F8BD42 /* Sources */ = {
			isa = PBXSourcesBuildPhase;
			buildActionMask = 2147483647;
			files = (
				66654E712083289F00F8BD42 /* Leaders_CheckWork_RobertTests.swift in Sources */,
			);
			runOnlyForDeploymentPostprocessing = 0;
		};
		66654E732083289F00F8BD42 /* Sources */ = {
			isa = PBXSourcesBuildPhase;
			buildActionMask = 2147483647;
			files = (
				66654E7C2083289F00F8BD42 /* Leaders_CheckWork_RobertUITests.swift in Sources */,
			);
			runOnlyForDeploymentPostprocessing = 0;
		};
/* End PBXSourcesBuildPhase section */

/* Begin PBXTargetDependency section */
		66654E6E2083289F00F8BD42 /* PBXTargetDependency */ = {
			isa = PBXTargetDependency;
			target = 66654E572083289D00F8BD42 /* Leaders_CheckWork_Robert */;
			targetProxy = 66654E6D2083289F00F8BD42 /* PBXContainerItemProxy */;
		};
		66654E792083289F00F8BD42 /* PBXTargetDependency */ = {
			isa = PBXTargetDependency;
			target = 66654E572083289D00F8BD42 /* Leaders_CheckWork_Robert */;
			targetProxy = 66654E782083289F00F8BD42 /* PBXContainerItemProxy */;
		};
/* End PBXTargetDependency section */

/* Begin PBXVariantGroup section */
		66654E5F2083289D00F8BD42 /* Main.storyboard */ = {
			isa = PBXVariantGroup;
			children = (
				66654E602083289D00F8BD42 /* Base */,
			);
			name = Main.storyboard;
			sourceTree = "<group>";
		};
		66654E642083289E00F8BD42 /* LaunchScreen.storyboard */ = {
			isa = PBXVariantGroup;
			children = (
				66654E652083289E00F8BD42 /* Base */,
			);
			name = LaunchScreen.storyboard;
			sourceTree = "<group>";
		};
/* End PBXVariantGroup section */

/* Begin XCBuildConfiguration section */
		66654E7E2083289F00F8BD42 /* Debug */ = {
			isa = XCBuildConfiguration;
			buildSettings = {
				ALWAYS_SEARCH_USER_PATHS = NO;
				CLANG_ANALYZER_NONNULL = YES;
				CLANG_ANALYZER_NUMBER_OBJECT_CONVERSION = YES_AGGRESSIVE;
				CLANG_CXX_LANGUAGE_STANDARD = "gnu++14";
				CLANG_CXX_LIBRARY = "libc++";
				CLANG_ENABLE_MODULES = YES;
				CLANG_ENABLE_OBJC_ARC = YES;
				CLANG_ENABLE_OBJC_WEAK = YES;
				CLANG_WARN_BLOCK_CAPTURE_AUTORELEASING = YES;
				CLANG_WARN_BOOL_CONVERSION = YES;
				CLANG_WARN_COMMA = YES;
				CLANG_WARN_CONSTANT_CONVERSION = YES;
				CLANG_WARN_DEPRECATED_OBJC_IMPLEMENTATIONS = YES;
				CLANG_WARN_DIRECT_OBJC_ISA_USAGE = YES_ERROR;
				CLANG_WARN_DOCUMENTATION_COMMENTS = YES;
				CLANG_WARN_EMPTY_BODY = YES;
				CLANG_WARN_ENUM_CONVERSION = YES;
				CLANG_WARN_INFINITE_RECURSION = YES;
				CLANG_WARN_INT_CONVERSION = YES;
				CLANG_WARN_NON_LITERAL_NULL_CONVERSION = YES;
				CLANG_WARN_OBJC_IMPLICIT_RETAIN_SELF = YES;
				CLANG_WARN_OBJC_LITERAL_CONVERSION = YES;
				CLANG_WARN_OBJC_ROOT_CLASS = YES_ERROR;
				CLANG_WARN_RANGE_LOOP_ANALYSIS = YES;
				CLANG_WARN_STRICT_PROTOTYPES = YES;
				CLANG_WARN_SUSPICIOUS_MOVE = YES;
				CLANG_WARN_UNGUARDED_AVAILABILITY = YES_AGGRESSIVE;
				CLANG_WARN_UNREACHABLE_CODE = YES;
				CLANG_WARN__DUPLICATE_METHOD_MATCH = YES;
				CODE_SIGN_IDENTITY = "iPhone Developer";
				COPY_PHASE_STRIP = NO;
				DEBUG_INFORMATION_FORMAT = dwarf;
				ENABLE_STRICT_OBJC_MSGSEND = YES;
				ENABLE_TESTABILITY = YES;
				GCC_C_LANGUAGE_STANDARD = gnu11;
				GCC_DYNAMIC_NO_PIC = NO;
				GCC_NO_COMMON_BLOCKS = YES;
				GCC_OPTIMIZATION_LEVEL = 0;
				GCC_PREPROCESSOR_DEFINITIONS = (
					"DEBUG=1",
					"$(inherited)",
				);
				GCC_WARN_64_TO_32_BIT_CONVERSION = YES;
				GCC_WARN_ABOUT_RETURN_TYPE = YES_ERROR;
				GCC_WARN_UNDECLARED_SELECTOR = YES;
				GCC_WARN_UNINITIALIZED_AUTOS = YES_AGGRESSIVE;
				GCC_WARN_UNUSED_FUNCTION = YES;
				GCC_WARN_UNUSED_VARIABLE = YES;
				IPHONEOS_DEPLOYMENT_TARGET = 11.3;
				MTL_ENABLE_DEBUG_INFO = YES;
				ONLY_ACTIVE_ARCH = YES;
				SDKROOT = iphoneos;
				SWIFT_ACTIVE_COMPILATION_CONDITIONS = DEBUG;
				SWIFT_OPTIMIZATION_LEVEL = "-Onone";
			};
			name = Debug;
		};
		66654E7F2083289F00F8BD42 /* Release */ = {
			isa = XCBuildConfiguration;
			buildSettings = {
				ALWAYS_SEARCH_USER_PATHS = NO;
				CLANG_ANALYZER_NONNULL = YES;
				CLANG_ANALYZER_NUMBER_OBJECT_CONVERSION = YES_AGGRESSIVE;
				CLANG_CXX_LANGUAGE_STANDARD = "gnu++14";
				CLANG_CXX_LIBRARY = "libc++";
				CLANG_ENABLE_MODULES = YES;
				CLANG_ENABLE_OBJC_ARC = YES;
				CLANG_ENABLE_OBJC_WEAK = YES;
				CLANG_WARN_BLOCK_CAPTURE_AUTORELEASING = YES;
				CLANG_WARN_BOOL_CONVERSION = YES;
				CLANG_WARN_COMMA = YES;
				CLANG_WARN_CONSTANT_CONVERSION = YES;
				CLANG_WARN_DEPRECATED_OBJC_IMPLEMENTATIONS = YES;
				CLANG_WARN_DIRECT_OBJC_ISA_USAGE = YES_ERROR;
				CLANG_WARN_DOCUMENTATION_COMMENTS = YES;
				CLANG_WARN_EMPTY_BODY = YES;
				CLANG_WARN_ENUM_CONVERSION = YES;
				CLANG_WARN_INFINITE_RECURSION = YES;
				CLANG_WARN_INT_CONVERSION = YES;
				CLANG_WARN_NON_LITERAL_NULL_CONVERSION = YES;
				CLANG_WARN_OBJC_IMPLICIT_RETAIN_SELF = YES;
				CLANG_WARN_OBJC_LITERAL_CONVERSION = YES;
				CLANG_WARN_OBJC_ROOT_CLASS = YES_ERROR;
				CLANG_WARN_RANGE_LOOP_ANALYSIS = YES;
				CLANG_WARN_STRICT_PROTOTYPES = YES;
				CLANG_WARN_SUSPICIOUS_MOVE = YES;
				CLANG_WARN_UNGUARDED_AVAILABILITY = YES_AGGRESSIVE;
				CLANG_WARN_UNREACHABLE_CODE = YES;
				CLANG_WARN__DUPLICATE_METHOD_MATCH = YES;
				CODE_SIGN_IDENTITY = "iPhone Developer";
				COPY_PHASE_STRIP = NO;
				DEBUG_INFORMATION_FORMAT = "dwarf-with-dsym";
				ENABLE_NS_ASSERTIONS = NO;
				ENABLE_STRICT_OBJC_MSGSEND = YES;
				GCC_C_LANGUAGE_STANDARD = gnu11;
				GCC_NO_COMMON_BLOCKS = YES;
				GCC_WARN_64_TO_32_BIT_CONVERSION = YES;
				GCC_WARN_ABOUT_RETURN_TYPE = YES_ERROR;
				GCC_WARN_UNDECLARED_SELECTOR = YES;
				GCC_WARN_UNINITIALIZED_AUTOS = YES_AGGRESSIVE;
				GCC_WARN_UNUSED_FUNCTION = YES;
				GCC_WARN_UNUSED_VARIABLE = YES;
				IPHONEOS_DEPLOYMENT_TARGET = 11.3;
				MTL_ENABLE_DEBUG_INFO = NO;
				SDKROOT = iphoneos;
				SWIFT_COMPILATION_MODE = wholemodule;
				SWIFT_OPTIMIZATION_LEVEL = "-O";
				VALIDATE_PRODUCT = YES;
			};
			name = Release;
		};
		66654E812083289F00F8BD42 /* Debug */ = {
			isa = XCBuildConfiguration;
			buildSettings = {
				ASSETCATALOG_COMPILER_APPICON_NAME = AppIcon;
				CODE_SIGN_STYLE = Automatic;
				INFOPLIST_FILE = Leaders_CheckWork_Robert/Info.plist;
				LD_RUNPATH_SEARCH_PATHS = (
					"$(inherited)",
					"@executable_path/Frameworks",
				);
				PRODUCT_BUNDLE_IDENTIFIER = "com.litech.Leaders-CheckWork-Robert";
				PRODUCT_NAME = "$(TARGET_NAME)";
				SWIFT_VERSION = 4.0;
				TARGETED_DEVICE_FAMILY = "1,2";
			};
			name = Debug;
		};
		66654E822083289F00F8BD42 /* Release */ = {
			isa = XCBuildConfiguration;
			buildSettings = {
				ASSETCATALOG_COMPILER_APPICON_NAME = AppIcon;
				CODE_SIGN_STYLE = Automatic;
				INFOPLIST_FILE = Leaders_CheckWork_Robert/Info.plist;
				LD_RUNPATH_SEARCH_PATHS = (
					"$(inherited)",
					"@executable_path/Frameworks",
				);
				PRODUCT_BUNDLE_IDENTIFIER = "com.litech.Leaders-CheckWork-Robert";
				PRODUCT_NAME = "$(TARGET_NAME)";
				SWIFT_VERSION = 4.0;
				TARGETED_DEVICE_FAMILY = "1,2";
			};
			name = Release;
		};
		66654E842083289F00F8BD42 /* Debug */ = {
			isa = XCBuildConfiguration;
			buildSettings = {
				ALWAYS_EMBED_SWIFT_STANDARD_LIBRARIES = YES;
				BUNDLE_LOADER = "$(TEST_HOST)";
				CODE_SIGN_STYLE = Automatic;
				INFOPLIST_FILE = Leaders_CheckWork_RobertTests/Info.plist;
				LD_RUNPATH_SEARCH_PATHS = (
					"$(inherited)",
					"@executable_path/Frameworks",
					"@loader_path/Frameworks",
				);
				PRODUCT_BUNDLE_IDENTIFIER = "com.litech.Leaders-CheckWork-RobertTests";
				PRODUCT_NAME = "$(TARGET_NAME)";
				SWIFT_VERSION = 4.0;
				TARGETED_DEVICE_FAMILY = "1,2";
				TEST_HOST = "$(BUILT_PRODUCTS_DIR)/Leaders_CheckWork_Robert.app/Leaders_CheckWork_Robert";
			};
			name = Debug;
		};
		66654E852083289F00F8BD42 /* Release */ = {
			isa = XCBuildConfiguration;
			buildSettings = {
				ALWAYS_EMBED_SWIFT_STANDARD_LIBRARIES = YES;
				BUNDLE_LOADER = "$(TEST_HOST)";
				CODE_SIGN_STYLE = Automatic;
				INFOPLIST_FILE = Leaders_CheckWork_RobertTests/Info.plist;
				LD_RUNPATH_SEARCH_PATHS = (
					"$(inherited)",
					"@executable_path/Frameworks",
					"@loader_path/Frameworks",
				);
				PRODUCT_BUNDLE_IDENTIFIER = "com.litech.Leaders-CheckWork-RobertTests";
				PRODUCT_NAME = "$(TARGET_NAME)";
				SWIFT_VERSION = 4.0;
				TARGETED_DEVICE_FAMILY = "1,2";
				TEST_HOST = "$(BUILT_PRODUCTS_DIR)/Leaders_CheckWork_Robert.app/Leaders_CheckWork_Robert";
			};
			name = Release;
		};
		66654E872083289F00F8BD42 /* Debug */ = {
			isa = XCBuildConfiguration;
			buildSettings = {
				ALWAYS_EMBED_SWIFT_STANDARD_LIBRARIES = YES;
				CODE_SIGN_STYLE = Automatic;
				INFOPLIST_FILE = Leaders_CheckWork_RobertUITests/Info.plist;
				LD_RUNPATH_SEARCH_PATHS = (
					"$(inherited)",
					"@executable_path/Frameworks",
					"@loader_path/Frameworks",
				);
				PRODUCT_BUNDLE_IDENTIFIER = "com.litech.Leaders-CheckWork-RobertUITests";
				PRODUCT_NAME = "$(TARGET_NAME)";
				SWIFT_VERSION = 4.0;
				TARGETED_DEVICE_FAMILY = "1,2";
				TEST_TARGET_NAME = Leaders_CheckWork_Robert;
			};
			name = Debug;
		};
		66654E882083289F00F8BD42 /* Release */ = {
			isa = XCBuildConfiguration;
			buildSettings = {
				ALWAYS_EMBED_SWIFT_STANDARD_LIBRARIES = YES;
				CODE_SIGN_STYLE = Automatic;
				INFOPLIST_FILE = Leaders_CheckWork_RobertUITests/Info.plist;
				LD_RUNPATH_SEARCH_PATHS = (
					"$(inherited)",
					"@executable_path/Frameworks",
					"@loader_path/Frameworks",
				);
				PRODUCT_BUNDLE_IDENTIFIER = "com.litech.Leaders-CheckWork-RobertUITests";
				PRODUCT_NAME = "$(TARGET_NAME)";
				SWIFT_VERSION = 4.0;
				TARGETED_DEVICE_FAMILY = "1,2";
				TEST_TARGET_NAME = Leaders_CheckWork_Robert;
			};
			name = Release;
		};
/* End XCBuildConfiguration section */

/* Begin XCConfigurationList section */
		66654E532083289D00F8BD42 /* Build configuration list for PBXProject "Leaders_CheckWork_Robert" */ = {
			isa = XCConfigurationList;
			buildConfigurations = (
				66654E7E2083289F00F8BD42 /* Debug */,
				66654E7F2083289F00F8BD42 /* Release */,
			);
			defaultConfigurationIsVisible = 0;
			defaultConfigurationName = Release;
		};
		66654E802083289F00F8BD42 /* Build configuration list for PBXNativeTarget "Leaders_CheckWork_Robert" */ = {
			isa = XCConfigurationList;
			buildConfigurations = (
				66654E812083289F00F8BD42 /* Debug */,
				66654E822083289F00F8BD42 /* Release */,
			);
			defaultConfigurationIsVisible = 0;
			defaultConfigurationName = Release;
		};
		66654E832083289F00F8BD42 /* Build configuration list for PBXNativeTarget "Leaders_CheckWork_RobertTests" */ = {
			isa = XCConfigurationList;
			buildConfigurations = (
				66654E842083289F00F8BD42 /* Debug */,
				66654E852083289F00F8BD42 /* Release */,
			);
			defaultConfigurationIsVisible = 0;
			defaultConfigurationName = Release;
		};
		66654E862083289F00F8BD42 /* Build configuration list for PBXNativeTarget "Leaders_CheckWork_RobertUITests" */ = {
			isa = XCConfigurationList;
			buildConfigurations = (
				66654E872083289F00F8BD42 /* Debug */,
				66654E882083289F00F8BD42 /* Release */,
			);
			defaultConfigurationIsVisible = 0;
			defaultConfigurationName = Release;
		};
/* End XCConfigurationList section */
	};
	rootObject = 66654E502083289D00F8BD42 /* Project object */;
}
